
Microsoft Visual Studio Solution File, Format Version 12.00
# Visual Studio Version 16
VisualStudioVersion = 16.0.33130.400
MinimumVisualStudioVersion = 10.0.40219.1
Project("{F184B08F-C81C-45F6-A57F-5ABD9991F28F}") = "Etracker", "Etracker\Etracker.vbproj", "{C0BD8430-5127-4332-8042-31CF1749C0A2}"
EndProject
Global
	GlobalSection(SolutionConfigurationPlatforms) = preSolution
		Debug|Any CPU = Debug|Any CPU
		Release|Any CPU = Release|Any CPU
	EndGlobalSection
	GlobalSection(ProjectConfigurationPlatforms) = postSolution
		{C0BD8430-5127-4332-8042-31CF1749C0A2}.Debug|Any CPU.ActiveCfg = Debug|Any CPU
		{C0BD8430-5127-4332-8042-31CF1749C0A2}.Debug|Any CPU.Build.0 = Debug|Any CPU
		{C0BD8430-5127-4332-8042-31CF1749C0A2}.Release|Any CPU.ActiveCfg = Release|Any CPU
		{C0BD8430-5127-4332-8042-31CF1749C0A2}.Release|Any CPU.Build.0 = Release|Any CPU
	EndGlobalSection
	GlobalSection(SolutionProperties) = preSolution
		HideSolutionNode = FALSE
	EndGlobalSection
	GlobalSection(ExtensibilityGlobals) = postSolution
		SolutionGuid = {6508529C-536B-43A8-B673-B299286C1482}
	EndGlobalSection
EndGlobal
